// !$*UTF8*$!
{
	archiveVersion = 1;
	classes = {
	};
	objectVersion = 48;
	objects = {

/* Begin PBXBuildFile section */
		E900C90D2061B1DE00D8CE94 /* AppDelegate.swift in Sources */ = {isa = PBXBuildFile; fileRef = E900C90C2061B1DE00D8CE94 /* AppDelegate.swift */; };
		E900C90F2061B1DE00D8CE94 /* SetViewController.swift in Sources */ = {isa = PBXBuildFile; fileRef = E900C90E2061B1DE00D8CE94 /* SetViewController.swift */; };
		E900C9122061B1DE00D8CE94 /* Main.storyboard in Resources */ = {isa = PBXBuildFile; fileRef = E900C9102061B1DE00D8CE94 /* Main.storyboard */; };
		E900C9142061B1DE00D8CE94 /* Assets.xcassets in Resources */ = {isa = PBXBuildFile; fileRef = E900C9132061B1DE00D8CE94 /* Assets.xcassets */; };
		E900C9172061B1DE00D8CE94 /* LaunchScreen.storyboard in Resources */ = {isa = PBXBuildFile; fileRef = E900C9152061B1DE00D8CE94 /* LaunchScreen.storyboard */; };
		E900C9202061B35400D8CE94 /* SetGame.swift in Sources */ = {isa = PBXBuildFile; fileRef = E900C91F2061B35400D8CE94 /* SetGame.swift */; };
		E900C9222061B6AB00D8CE94 /* Card.swift in Sources */ = {isa = PBXBuildFile; fileRef = E900C9212061B6AB00D8CE94 /* Card.swift */; };
		E900C9242061BAE100D8CE94 /* DeckOfCards.swift in Sources */ = {isa = PBXBuildFile; fileRef = E900C9232061BAE100D8CE94 /* DeckOfCards.swift */; };
		E900C9272061C6ED00D8CE94 /* Array+shuffle.swift in Sources */ = {isa = PBXBuildFile; fileRef = E900C9252061C6EC00D8CE94 /* Array+shuffle.swift */; };
		E900C9282061C6ED00D8CE94 /* Int+Random.swift in Sources */ = {isa = PBXBuildFile; fileRef = E900C9262061C6ED00D8CE94 /* Int+Random.swift */; };
		E90979E020A231FC008E10F5 /* CardViewExtension.swift in Sources */ = {isa = PBXBuildFile; fileRef = E90979DF20A231FC008E10F5 /* CardViewExtension.swift */; };
		E975430A20684A3700DAA076 /* CardCollectionViewCell.swift in Sources */ = {isa = PBXBuildFile; fileRef = E975430920684A3700DAA076 /* CardCollectionViewCell.swift */; };
		E975430C207AA33D00DAA076 /* Array+removeFirst.swift in Sources */ = {isa = PBXBuildFile; fileRef = E975430B207AA33D00DAA076 /* Array+removeFirst.swift */; };
		E975430E207AC27300DAA076 /* SetGameFooterView.swift in Sources */ = {isa = PBXBuildFile; fileRef = E975430D207AC27300DAA076 /* SetGameFooterView.swift */; };
/* End PBXBuildFile section */

/* Begin PBXFileReference section */
		E900C9092061B1DE00D8CE94 /* Set.app */ = {isa = PBXFileReference; explicitFileType = wrapper.application; includeInIndex = 0; path = Set.app; sourceTree = BUILT_PRODUCTS_DIR; };
		E900C90C2061B1DE00D8CE94 /* AppDelegate.swift */ = {isa = PBXFileReference; lastKnownFileType = sourcecode.swift; path = AppDelegate.swift; sourceTree = "<group>"; };
		E900C90E2061B1DE00D8CE94 /* SetViewController.swift */ = {isa = PBXFileReference; lastKnownFileType = sourcecode.swift; path = SetViewController.swift; sourceTree = "<group>"; };
		E900C9112061B1DE00D8CE94 /* Base */ = {isa = PBXFileReference; lastKnownFileType = file.storyboard; name = Base; path = Base.lproj/Main.storyboard; sourceTree = "<group>"; };
		E900C9132061B1DE00D8CE94 /* Assets.xcassets */ = {isa = PBXFileReference; lastKnownFileType = folder.assetcatalog; path = Assets.xcassets; sourceTree = "<group>"; };
		E900C9162061B1DE00D8CE94 /* Base */ = {isa = PBXFileReference; lastKnownFileType = file.storyboard; name = Base; path = Base.lproj/LaunchScreen.storyboard; sourceTree = "<group>"; };
		E900C9182061B1DE00D8CE94 /* Info.plist */ = {isa = PBXFileReference; lastKnownFileType = text.plist.xml; path = Info.plist; sourceTree = "<group>"; };
		E900C91F2061B35400D8CE94 /* SetGame.swift */ = {isa = PBXFileReference; lastKnownFileType = sourcecode.swift; path = SetGame.swift; sourceTree = "<group>"; };
		E900C9212061B6AB00D8CE94 /* Card.swift */ = {isa = PBXFileReference; lastKnownFileType = sourcecode.swift; path = Card.swift; sourceTree = "<group>"; };
		E900C9232061BAE100D8CE94 /* DeckOfCards.swift */ = {isa = PBXFileReference; lastKnownFileType = sourcecode.swift; path = DeckOfCards.swift; sourceTree = "<group>"; };
		E900C9252061C6EC00D8CE94 /* Array+shuffle.swift */ = {isa = PBXFileReference; fileEncoding = 4; lastKnownFileType = sourcecode.swift; name = "Array+shuffle.swift"; path = "../../Concentration/Concentration/Array+shuffle.swift"; sourceTree = "<group>"; };
		E900C9262061C6ED00D8CE94 /* Int+Random.swift */ = {isa = PBXFileReference; fileEncoding = 4; lastKnownFileType = sourcecode.swift; name = "Int+Random.swift"; path = "../../Concentration/Concentration/Int+Random.swift"; sourceTree = "<group>"; };
		E90979DF20A231FC008E10F5 /* CardViewExtension.swift */ = {isa = PBXFileReference; lastKnownFileType = sourcecode.swift; path = CardViewExtension.swift; sourceTree = "<group>"; };
		E975430920684A3700DAA076 /* CardCollectionViewCell.swift */ = {isa = PBXFileReference; lastKnownFileType = sourcecode.swift; path = CardCollectionViewCell.swift; sourceTree = "<group>"; };
		E975430B207AA33D00DAA076 /* Array+removeFirst.swift */ = {isa = PBXFileReference; lastKnownFileType = sourcecode.swift; path = "Array+removeFirst.swift"; sourceTree = "<group>"; };
		E975430D207AC27300DAA076 /* SetGameFooterView.swift */ = {isa = PBXFileReference; lastKnownFileType = sourcecode.swift; path = SetGameFooterView.swift; sourceTree = "<group>"; };
/* End PBXFileReference section */

/* Begin PBXFrameworksBuildPhase section */
		E900C9062061B1DE00D8CE94 /* Frameworks */ = {
			isa = PBXFrameworksBuildPhase;
			buildActionMask = 2147483647;
			files = (
			);
			runOnlyForDeploymentPostprocessing = 0;
		};
/* End PBXFrameworksBuildPhase section */

/* Begin PBXGroup section */
		E900C9002061B1DE00D8CE94 = {
			isa = PBXGroup;
			children = (
				E900C90B2061B1DE00D8CE94 /* Set */,
				E900C90A2061B1DE00D8CE94 /* Products */,
			);
			sourceTree = "<group>";
		};
		E900C90A2061B1DE00D8CE94 /* Products */ = {
			isa = PBXGroup;
			children = (
				E900C9092061B1DE00D8CE94 /* Set.app */,
			);
			name = Products;
			sourceTree = "<group>";
		};
		E900C90B2061B1DE00D8CE94 /* Set */ = {
			isa = PBXGroup;
			children = (
				E900C90E2061B1DE00D8CE94 /* SetViewController.swift */,
				E975430D207AC27300DAA076 /* SetGameFooterView.swift */,
				E975430920684A3700DAA076 /* CardCollectionViewCell.swift */,
				E900C91F2061B35400D8CE94 /* SetGame.swift */,
				E975430B207AA33D00DAA076 /* Array+removeFirst.swift */,
				E900C9212061B6AB00D8CE94 /* Card.swift */,
				E90979DF20A231FC008E10F5 /* CardViewExtension.swift */,
				E900C9232061BAE100D8CE94 /* DeckOfCards.swift */,
				E900C9102061B1DE00D8CE94 /* Main.storyboard */,
				E900C9252061C6EC00D8CE94 /* Array+shuffle.swift */,
				E900C9262061C6ED00D8CE94 /* Int+Random.swift */,
				E900C9132061B1DE00D8CE94 /* Assets.xcassets */,
				E900C9182061B1DE00D8CE94 /* Info.plist */,
				E900C91E2061B20200D8CE94 /* Supporting Files */,
			);
			path = Set;
			sourceTree = "<group>";
		};
		E900C91E2061B20200D8CE94 /* Supporting Files */ = {
			isa = PBXGroup;
			children = (
				E900C90C2061B1DE00D8CE94 /* AppDelegate.swift */,
				E900C9152061B1DE00D8CE94 /* LaunchScreen.storyboard */,
			);
			path = "Supporting Files";
			sourceTree = "<group>";
		};
/* End PBXGroup section */

/* Begin PBXNativeTarget section */
		E900C9082061B1DE00D8CE94 /* Set */ = {
			isa = PBXNativeTarget;
			buildConfigurationList = E900C91B2061B1DE00D8CE94 /* Build configuration list for PBXNativeTarget "Set" */;
			buildPhases = (
				E900C9052061B1DE00D8CE94 /* Sources */,
				E900C9062061B1DE00D8CE94 /* Frameworks */,
				E900C9072061B1DE00D8CE94 /* Resources */,
			);
			buildRules = (
			);
			dependencies = (
			);
			name = Set;
			productName = Set;
			productReference = E900C9092061B1DE00D8CE94 /* Set.app */;
			productType = "com.apple.product-type.application";
		};
/* End PBXNativeTarget section */

/* Begin PBXProject section */
		E900C9012061B1DE00D8CE94 /* Project object */ = {
			isa = PBXProject;
			attributes = {
				LastSwiftUpdateCheck = 0920;
				LastUpgradeCheck = 0930;
				ORGANIZATIONNAME = "Radosław Serek";
				TargetAttributes = {
					E900C9082061B1DE00D8CE94 = {
						CreatedOnToolsVersion = 9.2;
						ProvisioningStyle = Automatic;
					};
				};
			};
			buildConfigurationList = E900C9042061B1DE00D8CE94 /* Build configuration list for PBXProject "Set" */;
			compatibilityVersion = "Xcode 8.0";
			developmentRegion = en;
			hasScannedForEncodings = 0;
			knownRegions = (
				en,
				Base,
			);
			mainGroup = E900C9002061B1DE00D8CE94;
			productRefGroup = E900C90A2061B1DE00D8CE94 /* Products */;
			projectDirPath = "";
			projectRoot = "";
			targets = (
				E900C9082061B1DE00D8CE94 /* Set */,
			);
		};
/* End PBXProject section */

/* Begin PBXResourcesBuildPhase section */
		E900C9072061B1DE00D8CE94 /* Resources */ = {
			isa = PBXResourcesBuildPhase;
			buildActionMask = 2147483647;
			files = (
				E900C9172061B1DE00D8CE94 /* LaunchScreen.storyboard in Resources */,
				E900C9142061B1DE00D8CE94 /* Assets.xcassets in Resources */,
				E900C9122061B1DE00D8CE94 /* Main.storyboard in Resources */,
			);
			runOnlyForDeploymentPostprocessing = 0;
		};
/* End PBXResourcesBuildPhase section */

/* Begin PBXSourcesBuildPhase section */
		E900C9052061B1DE00D8CE94 /* Sources */ = {
			isa = PBXSourcesBuildPhase;
			buildActionMask = 2147483647;
			files = (
				E975430A20684A3700DAA076 /* CardCollectionViewCell.swift in Sources */,
				E900C9242061BAE100D8CE94 /* DeckOfCards.swift in Sources */,
				E900C9282061C6ED00D8CE94 /* Int+Random.swift in Sources */,
				E90979E020A231FC008E10F5 /* CardViewExtension.swift in Sources */,
				E900C9272061C6ED00D8CE94 /* Array+shuffle.swift in Sources */,
				E975430E207AC27300DAA076 /* SetGameFooterView.swift in Sources */,
				E900C90F2061B1DE00D8CE94 /* SetViewController.swift in Sources */,
				E900C90D2061B1DE00D8CE94 /* AppDelegate.swift in Sources */,
				E900C9202061B35400D8CE94 /* SetGame.swift in Sources */,
				E975430C207AA33D00DAA076 /* Array+removeFirst.swift in Sources */,
				E900C9222061B6AB00D8CE94 /* Card.swift in Sources */,
			);
			runOnlyForDeploymentPostprocessing = 0;
		};
/* End PBXSourcesBuildPhase section */

/* Begin PBXVariantGroup section */
		E900C9102061B1DE00D8CE94 /* Main.storyboard */ = {
			isa = PBXVariantGroup;
			children = (
				E900C9112061B1DE00D8CE94 /* Base */,
			);
			name = Main.storyboard;
			sourceTree = "<group>";
		};
		E900C9152061B1DE00D8CE94 /* LaunchScreen.storyboard */ = {
			isa = PBXVariantGroup;
			children = (
				E900C9162061B1DE00D8CE94 /* Base */,
			);
			name = LaunchScreen.storyboard;
			sourceTree = "<group>";
		};
/* End PBXVariantGroup section */

/* Begin XCBuildConfiguration section */
		E900C9192061B1DE00D8CE94 /* Debug */ = {
			isa = XCBuildConfiguration;
			buildSettings = {
				ALWAYS_SEARCH_USER_PATHS = NO;
				CLANG_ANALYZER_NONNULL = YES;
				CLANG_ANALYZER_NUMBER_OBJECT_CONVERSION = YES_AGGRESSIVE;
				CLANG_CXX_LANGUAGE_STANDARD = "gnu++14";
				CLANG_CXX_LIBRARY = "libc++";
				CLANG_ENABLE_MODULES = YES;
				CLANG_ENABLE_OBJC_ARC = YES;
				CLANG_WARN_BLOCK_CAPTURE_AUTORELEASING = YES;
				CLANG_WARN_BOOL_CONVERSION = YES;
				CLANG_WARN_COMMA = YES;
				CLANG_WARN_CONSTANT_CONVERSION = YES;
				CLANG_WARN_DEPRECATED_OBJC_IMPLEMENTATIONS = YES;
				CLANG_WARN_DIRECT_OBJC_ISA_USAGE = YES_ERROR;
				CLANG_WARN_DOCUMENTATION_COMMENTS = YES;
				CLANG_WARN_EMPTY_BODY = YES;
				CLANG_WARN_ENUM_CONVERSION = YES;
				CLANG_WARN_INFINITE_RECURSION = YES;
				CLANG_WARN_INT_CONVERSION = YES;
				CLANG_WARN_NON_LITERAL_NULL_CONVERSION = YES;
				CLANG_WARN_OBJC_IMPLICIT_RETAIN_SELF = YES;
				CLANG_WARN_OBJC_LITERAL_CONVERSION = YES;
				CLANG_WARN_OBJC_ROOT_CLASS = YES_ERROR;
				CLANG_WARN_RANGE_LOOP_ANALYSIS = YES;
				CLANG_WARN_STRICT_PROTOTYPES = YES;
				CLANG_WARN_SUSPICIOUS_MOVE = YES;
				CLANG_WARN_UNGUARDED_AVAILABILITY = YES_AGGRESSIVE;
				CLANG_WARN_UNREACHABLE_CODE = YES;
				CLANG_WARN__DUPLICATE_METHOD_MATCH = YES;
				CODE_SIGN_IDENTITY = "iPhone Developer";
				COPY_PHASE_STRIP = NO;
				DEBUG_INFORMATION_FORMAT = dwarf;
				ENABLE_STRICT_OBJC_MSGSEND = YES;
				ENABLE_TESTABILITY = YES;
				GCC_C_LANGUAGE_STANDARD = gnu11;
				GCC_DYNAMIC_NO_PIC = NO;
				GCC_NO_COMMON_BLOCKS = YES;
				GCC_OPTIMIZATION_LEVEL = 0;
				GCC_PREPROCESSOR_DEFINITIONS = (
					"DEBUG=1",
					"$(inherited)",
				);
				GCC_WARN_64_TO_32_BIT_CONVERSION = YES;
				GCC_WARN_ABOUT_RETURN_TYPE = YES_ERROR;
				GCC_WARN_UNDECLARED_SELECTOR = YES;
				GCC_WARN_UNINITIALIZED_AUTOS = YES_AGGRESSIVE;
				GCC_WARN_UNUSED_FUNCTION = YES;
				GCC_WARN_UNUSED_VARIABLE = YES;
				IPHONEOS_DEPLOYMENT_TARGET = 11.2;
				MTL_ENABLE_DEBUG_INFO = YES;
				ONLY_ACTIVE_ARCH = YES;
				SDKROOT = iphoneos;
				SWIFT_ACTIVE_COMPILATION_CONDITIONS = DEBUG;
				SWIFT_OPTIMIZATION_LEVEL = "-Onone";
			};
			name = Debug;
		};
		E900C91A2061B1DE00D8CE94 /* Release */ = {
			isa = XCBuildConfiguration;
			buildSettings = {
				ALWAYS_SEARCH_USER_PATHS = NO;
				CLANG_ANALYZER_NONNULL = YES;
				CLANG_ANALYZER_NUMBER_OBJECT_CONVERSION = YES_AGGRESSIVE;
				CLANG_CXX_LANGUAGE_STANDARD = "gnu++14";
				CLANG_CXX_LIBRARY = "libc++";
				CLANG_ENABLE_MODULES = YES;
				CLANG_ENABLE_OBJC_ARC = YES;
				CLANG_WARN_BLOCK_CAPTURE_AUTORELEASING = YES;
				CLANG_WARN_BOOL_CONVERSION = YES;
				CLANG_WARN_COMMA = YES;
				CLANG_WARN_CONSTANT_CONVERSION = YES;
				CLANG_WARN_DEPRECATED_OBJC_IMPLEMENTATIONS = YES;
				CLANG_WARN_DIRECT_OBJC_ISA_USAGE = YES_ERROR;
				CLANG_WARN_DOCUMENTATION_COMMENTS = YES;
				CLANG_WARN_EMPTY_BODY = YES;
				CLANG_WARN_ENUM_CONVERSION = YES;
				CLANG_WARN_INFINITE_RECURSION = YES;
				CLANG_WARN_INT_CONVERSION = YES;
				CLANG_WARN_NON_LITERAL_NULL_CONVERSION = YES;
				CLANG_WARN_OBJC_IMPLICIT_RETAIN_SELF = YES;
				CLANG_WARN_OBJC_LITERAL_CONVERSION = YES;
				CLANG_WARN_OBJC_ROOT_CLASS = YES_ERROR;
				CLANG_WARN_RANGE_LOOP_ANALYSIS = YES;
				CLANG_WARN_STRICT_PROTOTYPES = YES;
				CLANG_WARN_SUSPICIOUS_MOVE = YES;
				CLANG_WARN_UNGUARDED_AVAILABILITY = YES_AGGRESSIVE;
				CLANG_WARN_UNREACHABLE_CODE = YES;
				CLANG_WARN__DUPLICATE_METHOD_MATCH = YES;
				CODE_SIGN_IDENTITY = "iPhone Developer";
				COPY_PHASE_STRIP = NO;
				DEBUG_INFORMATION_FORMAT = "dwarf-with-dsym";
				ENABLE_NS_ASSERTIONS = NO;
				ENABLE_STRICT_OBJC_MSGSEND = YES;
				GCC_C_LANGUAGE_STANDARD = gnu11;
				GCC_NO_COMMON_BLOCKS = YES;
				GCC_WARN_64_TO_32_BIT_CONVERSION = YES;
				GCC_WARN_ABOUT_RETURN_TYPE = YES_ERROR;
				GCC_WARN_UNDECLARED_SELECTOR = YES;
				GCC_WARN_UNINITIALIZED_AUTOS = YES_AGGRESSIVE;
				GCC_WARN_UNUSED_FUNCTION = YES;
				GCC_WARN_UNUSED_VARIABLE = YES;
				IPHONEOS_DEPLOYMENT_TARGET = 11.2;
				MTL_ENABLE_DEBUG_INFO = NO;
				SDKROOT = iphoneos;
				SWIFT_OPTIMIZATION_LEVEL = "-Owholemodule";
				VALIDATE_PRODUCT = YES;
			};
			name = Release;
		};
		E900C91C2061B1DE00D8CE94 /* Debug */ = {
			isa = XCBuildConfiguration;
			buildSettings = {
				ASSETCATALOG_COMPILER_APPICON_NAME = AppIcon;
				CODE_SIGN_STYLE = Automatic;
				DEVELOPMENT_TEAM = WN97JPQ8U9;
				INFOPLIST_FILE = Set/Info.plist;
				LD_RUNPATH_SEARCH_PATHS = "$(inherited) @executable_path/Frameworks";
				PRODUCT_BUNDLE_IDENTIFIER = radoslawserek.Set;
				PRODUCT_NAME = "$(TARGET_NAME)";
				SWIFT_VERSION = 4.0;
				TARGETED_DEVICE_FAMILY = "1,2";
			};
			name = Debug;
		};
		E900C91D2061B1DE00D8CE94 /* Release */ = {
			isa = XCBuildConfiguration;
			buildSettings = {
				ASSETCATALOG_COMPILER_APPICON_NAME = AppIcon;
				CODE_SIGN_STYLE = Automatic;
				DEVELOPMENT_TEAM = WN97JPQ8U9;
				INFOPLIST_FILE = Set/Info.plist;
				LD_RUNPATH_SEARCH_PATHS = "$(inherited) @executable_path/Frameworks";
				PRODUCT_BUNDLE_IDENTIFIER = radoslawserek.Set;
				PRODUCT_NAME = "$(TARGET_NAME)";
				SWIFT_VERSION = 4.0;
				TARGETED_DEVICE_FAMILY = "1,2";
			};
			name = Release;
		};
/* End XCBuildConfiguration section */

/* Begin XCConfigurationList section */
		E900C9042061B1DE00D8CE94 /* Build configuration list for PBXProject "Set" */ = {
			isa = XCConfigurationList;
			buildConfigurations = (
				E900C9192061B1DE00D8CE94 /* Debug */,
				E900C91A2061B1DE00D8CE94 /* Release */,
			);
			defaultConfigurationIsVisible = 0;
			defaultConfigurationName = Release;
		};
		E900C91B2061B1DE00D8CE94 /* Build configuration list for PBXNativeTarget "Set" */ = {
			isa = XCConfigurationList;
			buildConfigurations = (
				E900C91C2061B1DE00D8CE94 /* Debug */,
				E900C91D2061B1DE00D8CE94 /* Release */,
			);
			defaultConfigurationIsVisible = 0;
			defaultConfigurationName = Release;
		};
/* End XCConfigurationList section */
	};
	rootObject = E900C9012061B1DE00D8CE94 /* Project object */;
}
